[[package]]
category = "main"
description = "Composable style cycles"
name = "cycler"
optional = false
python-versions = "*"
version = "0.10.0"

[package.dependencies]
six = "*"

[[package]]
category = "main"
description = "Python plotting package"
name = "matplotlib"
optional = false
python-versions = "*"
version = "2.1.2"

[package.dependencies]
cycler = ">=0.10"
numpy = ">=1.7.1"
pyparsing = ">=2.0.1,<2.0.4 || >2.0.4,<2.1.2 || >2.1.2,<2.1.6 || >2.1.6"
python-dateutil = ">=2.1"
pytz = "*"
six = ">=1.10"

[[package]]
category = "dev"
description = "Generate random names"
name = "names"
optional = false
python-versions = "*"
version = "0.3.0"

[[package]]
category = "main"
description = "NumPy is the fundamental package for array computing with Python."
name = "numpy"
optional = false
python-versions = ">=2.7,!=3.0.*,!=3.1.*,!=3.2.*,!=3.3.*"
version = "1.16.2"

[[package]]
category = "main"
description = "Powerful data structures for data analysis, time series, and statistics"
name = "pandas"
optional = false
python-versions = ">=2.7,!=3.0.*,!=3.1.*,!=3.2.*,!=3.3.*,!=3.4.*"
version = "0.24.2"

[package.dependencies]
numpy = ">=1.12.0"
python-dateutil = ">=2.5.0"
pytz = ">=2011k"

[[package]]
category = "main"
description = "A Python Progressbar library to provide visual (yet text based) progress to long running operations."
name = "progressbar2"
optional = false
python-versions = "*"
version = "3.39.3"

[package.dependencies]
python-utils = ">=2.3.0"
six = "*"

[[package]]
category = "main"
description = "Python parsing module"
name = "pyparsing"
optional = false
python-versions = ">=2.6, !=3.0.*, !=3.1.*, !=3.2.*"
version = "2.4.0"

[[package]]
category = "main"
description = "Extensions to the standard Python datetime module"
name = "python-dateutil"
optional = false
python-versions = ">=2.7, !=3.0.*, !=3.1.*, !=3.2.*"
version = "2.8.0"

[package.dependencies]
six = ">=1.5"

[[package]]
category = "main"
description = "Python Utils is a module with some convenient utilities not included with the standard Python install"
name = "python-utils"
optional = false
python-versions = "*"
version = "2.3.0"

[package.dependencies]
six = "*"

[[package]]
category = "main"
description = "World timezone definitions, modern and historical"
name = "pytz"
optional = false
python-versions = "*"
version = "2019.1"

[[package]]
category = "main"
description = "A set of python modules for machine learning and data mining"
name = "scikit-learn"
optional = false
python-versions = "*"
version = "0.20.3"

[package.dependencies]
numpy = ">=1.8.2"
scipy = ">=0.13.3"

[[package]]
category = "main"
description = "SciPy: Scientific Library for Python"
name = "scipy"
optional = false
python-versions = ">=2.7,!=3.0.*,!=3.1.*,!=3.2.*,!=3.3.*"
version = "1.2.1"

[package.dependencies]
numpy = ">=1.8.2"

[[package]]
category = "main"
description = "seaborn: statistical data visualization"
name = "seaborn"
optional = false
python-versions = "*"
version = "0.9.0"

[package.dependencies]
matplotlib = ">=1.4.3"
numpy = ">=1.9.3"
pandas = ">=0.15.2"
scipy = ">=0.14.0"

[[package]]
category = "main"
description = "Python 2 and 3 compatibility utilities"
name = "six"
optional = false
python-versions = ">=2.6, !=3.0.*, !=3.1.*"
version = "1.12.0"

[[package]]
category = "main"
description = "Tensors and Dynamic neural networks in Python with strong GPU acceleration"
name = "torch"
optional = false
python-versions = "*"
version = "1.0.1.post2"

[metadata]
content-hash = "d44a5725c107e387b03de0585751d43e1dce5e462748eb792d2acddca2f21da1"
python-versions = "^3.6"

[metadata.hashes]
cycler = ["1d8a5ae1ff6c5cf9b93e8811e581232ad8920aeec647c37316ceac982b08cb2d", "cd7b2d1018258d7247a71425e9f26463dfb444d411c39569972f4ce586b0c9d8"]
matplotlib = ["09ac1bde82673bfb4f1cb9ebd7fe258b29400f1be8914cb0891eca62a99cf7e6", "0c4a0cb10972b18049acde76e4611bcda0fa288a199a5f2c3c6f21ab208010cf", "2452beef35840bdd9c3f613fc112ce6eb449cabca2bcb8a3f0d7eedd8e11d85d", "295d2b135cb4d546fbb4b4d0b8d62d2132436adcf86221ece1d0bd4a3522128c", "2cc12ea94d80990e454a67ce829dc084bbdbfd0c95ed1f527dbd64688f184acd", "31662334a4485455167072f80c57d2d2ef9ada4b93197b4851ceacee7269cb17", "59736af4bed61af336da60b8e97b700e695ffae9af08941c83e37ab0de3f151a", "710bfe01633a4b734742163187bae99399de9f2c46cb6b40bd79b51467f7ba36", "725a3f12739d133adfa381e1b33bd70c6f64db453bfc536e148824816e568894", "932ca62fb7c4edc377d6f0078995a1c004b7e4e9982a025e7022eb5eb1fc33ba", "97b9b56bbfce43deefbc2a089fa4afa8887e84041f17b090ac3d9f90a9e8e745", "9a87c1c8f195f0908b599268332608e5024b34cdd07375c68c15ac24b2a93a4e", "ad987a871682d34d44a941cc47bf12f60e7866be7133498c432fb3d6fa3be651", "adde3c9eb2145e5597a593877aea456e0bfe37f46cb3534caacce61b603c451a", "ae091625121ff5bf31515332ee604c90b55f9e6f6a02ac7160e5199f0422a211", "fb96735f76d5975e09eedc3502e9ff63dbe0c04aef312d0d6048a97f7993e667", "fe5f8487aa872164a80b0c491f1110d4e2125391933caf17cae0a86df7950a72", "fe8d2e29753fbbc1923e18e80487f09fdc01f270ff44da7156f147a3075876c0"]
names = ["726e46254f2ed03f1ffb5d941dae3bc67c35123941c29becd02d48d0caa2a671"]
numpy = ["1980f8d84548d74921685f68096911585fee393975f53797614b34d4f409b6da", "22752cd809272671b273bb86df0f505f505a12368a3a5fc0aa811c7ece4dfd5c", "23cc40313036cffd5d1873ef3ce2e949bdee0646c5d6f375bf7ee4f368db2511", "2b0b118ff547fecabc247a2668f48f48b3b1f7d63676ebc5be7352a5fd9e85a5", "3a0bd1edf64f6a911427b608a894111f9fcdb25284f724016f34a84c9a3a6ea9", "3f25f6c7b0d000017e5ac55977a3999b0b1a74491eacb3c1aa716f0e01f6dcd1", "4061c79ac2230594a7419151028e808239450e676c39e58302ad296232e3c2e8", "560ceaa24f971ab37dede7ba030fc5d8fa173305d94365f814d9523ffd5d5916", "62be044cd58da2a947b7e7b2252a10b42920df9520fc3d39f5c4c70d5460b8ba", "6c692e3879dde0b67a9dc78f9bfb6f61c666b4562fd8619632d7043fb5b691b0", "6f65e37b5a331df950ef6ff03bd4136b3c0bbcf44d4b8e99135d68a537711b5a", "7a78cc4ddb253a55971115f8320a7ce28fd23a065fc33166d601f51760eecfa9", "80a41edf64a3626e729a62df7dd278474fc1726836552b67a8c6396fd7e86760", "893f4d75255f25a7b8516feb5766c6b63c54780323b9bd4bc51cdd7efc943c73", "972ea92f9c1b54cc1c1a3d8508e326c0114aaf0f34996772a30f3f52b73b942f", "9f1d4865436f794accdabadc57a8395bd3faa755449b4f65b88b7df65ae05f89", "9f4cd7832b35e736b739be03b55875706c8c3e5fe334a06210f1a61e5c2c8ca5", "adab43bf657488300d3aeeb8030d7f024fcc86e3a9b8848741ea2ea903e56610", "bd2834d496ba9b1bdda3a6cf3de4dc0d4a0e7be306335940402ec95132ad063d", "d20c0360940f30003a23c0adae2fe50a0a04f3e48dc05c298493b51fd6280197", "d3b3ed87061d2314ff3659bb73896e622252da52558f2380f12c421fbdee3d89", "dc235bf29a406dfda5790d01b998a1c01d7d37f449128c0b1b7d1c89a84fae8b", "fb3c83554f39f48f3fa3123b9c24aecf681b1c289f9334f8215c1d3c8e2f6e5b"]
pandas = ["071e42b89b57baa17031af8c6b6bbd2e9a5c68c595bc6bf9adabd7a9ed125d3b", "17450e25ae69e2e6b303817bdf26b2cd57f69595d8550a77c308be0cd0fd58fa", "17916d818592c9ec891cbef2e90f98cc85e0f1e89ed0924c9b5220dc3209c846", "2538f099ab0e9f9c9d09bbcd94b47fd889bad06dc7ae96b1ed583f1dc1a7a822", "366f30710172cb45a6b4f43b66c220653b1ea50303fbbd94e50571637ffb9167", "42e5ad741a0d09232efbc7fc648226ed93306551772fc8aecc6dce9f0e676794", "4e718e7f395ba5bfe8b6f6aaf2ff1c65a09bb77a36af6394621434e7cc813204", "4f919f409c433577a501e023943e582c57355d50a724c589e78bc1d551a535a2", "4fe0d7e6438212e839fc5010c78b822664f1a824c0d263fd858f44131d9166e2", "5149a6db3e74f23dc3f5a216c2c9ae2e12920aa2d4a5b77e44e5b804a5f93248", "627594338d6dd995cfc0bacd8e654cd9e1252d2a7c959449228df6740d737eb8", "83c702615052f2a0a7fb1dd289726e29ec87a27272d775cb77affe749cca28f8", "8c872f7fdf3018b7891e1e3e86c55b190e6c5cee70cab771e8f246c855001296", "90f116086063934afd51e61a802a943826d2aac572b2f7d55caaac51c13db5b5", "a3352bacac12e1fc646213b998bce586f965c9d431773d9e91db27c7c48a1f7d", "bcdd06007cca02d51350f96debe51331dec429ac8f93930a43eb8fb5639e3eb5", "c1bd07ebc15285535f61ddd8c0c75d0d6293e80e1ee6d9a8d73f3f36954342d0", "c9a4b7c55115eb278c19aa14b34fcf5920c8fe7797a09b7b053ddd6195ea89b3", "cc8fc0c7a8d5951dc738f1c1447f71c43734244453616f32b8aa0ef6013a5dfb", "d7b460bc316064540ce0c41c1438c416a40746fd8a4fb2999668bf18f3c4acf1"]
progressbar2 = ["1ea89e2aaa1da85450aabbd2af62cefa04f1ee1c567f3a11ee0d8ded14fd1fea", "8e5b5419e04193bb7c3fea71579937bbbcd64c26472b929718c2fe7ec420fe39"]
pyparsing = ["1873c03321fc118f4e9746baf201ff990ceb915f433f23b395f5580d1840cb2a", "9b6323ef4ab914af344ba97510e966d64ba91055d6b9afa6b30799340e89cc03"]
python-dateutil = ["7e6584c74aeed623791615e26efd690f29817a27c73085b78e4bad02493df2fb", "c89805f6f4d64db21ed966fda138f8a5ed7a4fdbc1a8ee329ce1b74e3c74da9e"]
python-utils = ["34aaf26b39b0b86628008f2ae0ac001b30e7986a8d303b61e1357dfcdad4f6d3", "e25f840564554eaded56eaa395bca507b0b9e9f0ae5ecb13a8cb785305c56d25"]
pytz = ["303879e36b721603cc54604edcac9d20401bdbe31e1e4fdee5b9f98d5d31dfda", "d747dd3d23d77ef44c6a3526e274af6efeb0a6f1afd5a69ba4d5be4098c8e141"]
scikit-learn = ["018f470a7e685767d84ce6fac87af59e064e87ec3cea71eaf12646f9538e293d", "0ae00d570331b8a5c552f721167818b4739a5c855fbc76b11231ccdea2dd26ab", "13079520dd8211967d1871e439b59818d335439672818e9683847091d0e07778", "1c133749a526b33af2b6695d94d2cc43ba212c5aa7bd3a45619335556ced7637", "382e7053567b7b11e862782e3de2940e2141be24e6262aa0b4a9cb7fdd61f85a", "384df81fdba12d21063072f2cf472a7a8425a3d4fa3915faef0a88e94e07b332", "4705073de7bbcc6b9cd2f24dc9189aa8d3935e8621d3e65546c4b7fee9a042bf", "4f829d6c09b997e1d0a998f970cf3ff82cd6796d56148c63c29174367878d490", "51a933224b1b11986d4c7c123e5b28eb69602899d0179e6888b7abf2ffc85265", "63ad98c6512b52aebde9bd806ec1127e13e2a8d42a00ebdf805153819f7c2cad", "67e15514c9df4c5354b3ecc89451f5baa0f1b62c7ed68f4d20febf9c9d9e17a6", "75f0e0e93851b30639baabfc1a4433aabc57eef269d55ee4c6f649fb60686218", "89609708e819342dd5c94617fd53a36187d7d6a80435ddb282f6a60b058dbe77", "8ca274d4e91685e4547af718b6f1e9a9d4912c7a6dcb0c68925de84f81a09d2a", "9987f3d31efc427ebf9926f703e5171552cfb3b6935f880e4f0d3a17b7f91540", "9f3e08dbd3f2f574913faba9b48d3c24a43fcc0eb14a0e962431005434b9cfe6", "a7a403bcea250cac37971058fca0c30b0144737a375f99d3855e5e7a34c43348", "ad7e4e823db1271d344e0c3ce0988b2e0fecc49079eec9c818d866c38b2824bd", "b1e9037a582e650d866324a50d2741724ea5f6c175200bef0b549d014898035a", "b82fbd8843ead2640158b2c0946d354b66f3d49472e6790d70c4ceec35663b3f", "b91c82bfd25145d428de99429de97d7a1c2c2658c212689fe2839b29a5251159", "ba57b73ec7074f60bb85f953296df437784d560553d0cc04b253c43f1846ccad", "c503802a81de18b8b4d40d069f5e363795ee44b1605f38bc104160ca3bfe2c41", "d30e8e0dffbc299533f47044fec26c5087473cb29cf51f1995986ac8354c7b4c", "d89b810bfb0e16a0de7f18773849bdf83dd7fd0614ae5225e5a9214cdb9be245", "e22e1d47def2944ad7a12c09452de085587ec5baad2174683e56a42b6918a76f", "f650ddc023c95681fccd5e297820f35de039e008265040c08188be95b3275a0f", "f7d4b3885ad1a7a6f07719ab6b1790d9892d6d41d973e8d4543a93bb15226fb4"]
scipy = ["014cb900c003b5ac81a53f2403294e8ecf37aedc315b59a6b9370dce0aa7627a", "281a34da34a5e0de42d26aed692ab710141cad9d5d218b20643a9cb538ace976", "588f9cc4bfab04c45fbd19c1354b5ade377a8124d6151d511c83730a9b6b2338", "5a10661accd36b6e2e8855addcf3d675d6222006a15795420a39c040362def66", "628f60be272512ca1123524969649a8cb5ae8b31cca349f7c6f8903daf9034d7", "6dcc43a88e25b815c2dea1c6fac7339779fc988f5df8396e1de01610604a7c38", "70e37cec0ac0fe95c85b74ca4e0620169590fd5d3f44765f3c3a532cedb0e5fd", "7274735fb6fb5d67d3789ddec2cd53ed6362539b41aa6cc0d33a06c003aaa390", "78e12972e144da47326958ac40c2bd1c1cca908edc8b01c26a36f9ffd3dce466", "790cbd3c8d09f3a6d9c47c4558841e25bac34eb7a0864a9def8f26be0b8706af", "79792c8fe8e9d06ebc50fe23266522c8c89f20aa94ac8e80472917ecdce1e5ba", "865afedf35aaef6df6344bee0de391ee5e99d6e802950a237f9fb9b13e441f91", "870fd401ec7b64a895cff8e206ee16569158db00254b2f7157b4c9a5db72c722", "963815c226b29b0176d5e3d37fc9de46e2778ce4636a5a7af11a48122ef2577c", "9726791484f08e394af0b59eb80489ad94d0a53bbb58ab1837dcad4d58489863", "9de84a71bb7979aa8c089c4fb0ea0e2ed3917df3fb2a287a41aaea54bbad7f5d", "b2c324ddc5d6dbd3f13680ad16a29425841876a84a1de23a984236d1afff4fa6", "b86ae13c597fca087cb8c193870507c8916cefb21e52e1897da320b5a35075e5", "ba0488d4dbba2af5bf9596b849873102d612e49a118c512d9d302ceafa36e01a", "d78702af4102a3a4e23bb7372cec283e78f32f5573d92091aa6aaba870370fe1", "def0e5d681dd3eb562b059d355ae8bebe27f5cc455ab7c2b6655586b63d3a8ea", "e085d1babcb419bbe58e2e805ac61924dac4ca45a07c9fa081144739e500aa3c", "e2cfcbab37c082a5087aba5ff00209999053260441caadd4f0e8f4c2d6b72088", "e742f1f5dcaf222e8471c37ee3d1fd561568a16bb52e031c25674ff1cf9702d5", "f06819b028b8ef9010281e74c59cb35483933583043091ed6b261bb1540f11cc", "f15f2d60a11c306de7700ee9f65df7e9e463848dbea9c8051e293b704038da60", "f31338ee269d201abe76083a990905473987371ff6f3fdb76a3f9073a361cf37", "f6b88c8d302c3dac8dff7766955e38d670c82e0d79edfc7eae47d6bb2c186594"]
seaborn = ["42e627b24e849c2d3bbfd059e00005f6afbc4a76e4895baf44ae23fe8a4b09a5", "76c83f794ca320fb6b23a7c6192d5e185a5fcf4758966a0c0a54baee46d41e2f"]
six = ["3350809f0555b11f552448330d0b52d5f24c91a322ea4a15ef22629740f3761c", "d16a0141ec1a18405cd4ce8b4613101da75da0e9a7aec5bdd4fa804d0e0eba73"]
torch = ["2e04bcc8b6536ba01a924cbcfb9eff2428be6c9cc73956df38dfcf63c948fbf5", "40ad926ebdef6db70811102ae1448584a0c338a2fce2ff718533b9016664398e", "43e40d9cf70d038fe9a9c06eaadf3f39756fe76a530a0bd1dec9f21654ee5851", "639e9414cd3a787c807206199bf3285815a41fac9b2e20aca0db9a971db5399e", "652b70751bbe974370feff27f51b6cd7856c14a57eb06fdd1c9f2dfcc2731401", "7822918f3d32a99db2bb5616a5c28d989d6e4b6a54d720cb25e60551dacafa1e", "96fd5e8ffc117f79d1baaa65da601d35411f341d90d8ca1204236925f164b043", "a002d509e98a3ea17f45affc5c440808d7ac119d7510bb27da7b184aafb59943", "c8dd2478d3e8c0da293c618be60432bb166fe36c50663e26b1fe9e7123365fe5"]
